
Microsoft Visual Studio Solution File, Format Version 12.00
# Visual Studio Version 16
VisualStudioVersion = 16.0.31729.503
MinimumVisualStudioVersion = 10.0.40219.1
Project("{FAE04EC0-301F-11D3-BF4B-00C04F79EFBC}") = "SampleWebApp", "SampleWebApp\SampleWebApp.csproj", "{9AE693F9-331F-4550-B701-6BFFAE06E44E}"
EndProject
Global
	GlobalSection(SolutionConfigurationPlatforms) = preSolution
		Debug|Any CPU = Debug|Any CPU
		Release|Any CPU = Release|Any CPU
	EndGlobalSection
	GlobalSection(ProjectConfigurationPlatforms) = postSolution
		{9AE693F9-331F-4550-B701-6BFFAE06E44E}.Debug|Any CPU.ActiveCfg = Debug|Any CPU
		{9AE693F9-331F-4550-B701-6BFFAE06E44E}.Debug|Any CPU.Build.0 = Debug|Any CPU
		{9AE693F9-331F-4550-B701-6BFFAE06E44E}.Release|Any CPU.ActiveCfg = Release|Any CPU
		{9AE693F9-331F-4550-B701-6BFFAE06E44E}.Release|Any CPU.Build.0 = Release|Any CPU
	EndGlobalSection
	GlobalSection(SolutionProperties) = preSolution
		HideSolutionNode = FALSE
	EndGlobalSection
	GlobalSection(ExtensibilityGlobals) = postSolution
		SolutionGuid = {313B5C03-1C06-498E-B933-7BE6FB24E925}
	EndGlobalSection
EndGlobal
